
Microsoft Visual Studio Solution File, Format Version 12.00
# Visual Studio Version 17
VisualStudioVersion = 17.14.36429.23 d17.14
MinimumVisualStudioVersion = 10.0.40219.1
Project("{FAE04EC0-301F-11D3-BF4B-00C04F79EFBC}") = "AirCompany.Domain", "AirCompany.Domain\AirCompany.Domain.csproj", "{61A55B9B-000A-40A2-8F54-270AA6D6A7FF}"
EndProject
Global
	GlobalSection(SolutionConfigurationPlatforms) = preSolution
		Debug|Any CPU = Debug|Any CPU
		Release|Any CPU = Release|Any CPU
	EndGlobalSection
	GlobalSection(ProjectConfigurationPlatforms) = postSolution
		{61A55B9B-000A-40A2-8F54-270AA6D6A7FF}.Debug|Any CPU.ActiveCfg = Debug|Any CPU
		{61A55B9B-000A-40A2-8F54-270AA6D6A7FF}.Debug|Any CPU.Build.0 = Debug|Any CPU
		{61A55B9B-000A-40A2-8F54-270AA6D6A7FF}.Release|Any CPU.ActiveCfg = Release|Any CPU
		{61A55B9B-000A-40A2-8F54-270AA6D6A7FF}.Release|Any CPU.Build.0 = Release|Any CPU
	EndGlobalSection
	GlobalSection(SolutionProperties) = preSolution
		HideSolutionNode = FALSE
	EndGlobalSection
	GlobalSection(ExtensibilityGlobals) = postSolution
		SolutionGuid = {35FC9241-DD0B-430A-8992-233A55E939E5}
	EndGlobalSection
EndGlobal
